
Microsoft Visual Studio Solution File, Format Version 12.00
# Visual Studio Version 17
VisualStudioVersion = 17.3.32929.385
MinimumVisualStudioVersion = 10.0.40219.1
Project("{FAE04EC0-301F-11D3-BF4B-00C04F79EFBC}") = "HW-Task2", "HW-Task2\HW-Task2.csproj", "{5445DE1D-0D14-46AE-B043-85D9E5E72303}"
EndProject
Global
	GlobalSection(SolutionConfigurationPlatforms) = preSolution
		Debug|Any CPU = Debug|Any CPU
		Release|Any CPU = Release|Any CPU
	EndGlobalSection
	GlobalSection(ProjectConfigurationPlatforms) = postSolution
		{5445DE1D-0D14-46AE-B043-85D9E5E72303}.Debug|Any CPU.ActiveCfg = Debug|Any CPU
		{5445DE1D-0D14-46AE-B043-85D9E5E72303}.Debug|Any CPU.Build.0 = Debug|Any CPU
		{5445DE1D-0D14-46AE-B043-85D9E5E72303}.Release|Any CPU.ActiveCfg = Release|Any CPU
		{5445DE1D-0D14-46AE-B043-85D9E5E72303}.Release|Any CPU.Build.0 = Release|Any CPU
	EndGlobalSection
	GlobalSection(SolutionProperties) = preSolution
		HideSolutionNode = FALSE
	EndGlobalSection
	GlobalSection(ExtensibilityGlobals) = postSolution
		SolutionGuid = {FA31CF4F-03B1-4D0A-BE8D-7D4DD1489DD9}
	EndGlobalSection
EndGlobal
